
Microsoft Visual Studio Solution File, Format Version 12.00
# Visual Studio Version 17
VisualStudioVersion = 17.5.33530.505
MinimumVisualStudioVersion = 10.0.40219.1
Project("{FAE04EC0-301F-11D3-BF4B-00C04F79EFBC}") = "LarsTravelClient", "LarsTravelClient\LarsTravelClient.csproj", "{AFD57AEF-1ED6-405E-AFD8-C05656B3F883}"
EndProject
Global
	GlobalSection(SolutionConfigurationPlatforms) = preSolution
		Debug|Any CPU = Debug|Any CPU
		Release|Any CPU = Release|Any CPU
	EndGlobalSection
	GlobalSection(ProjectConfigurationPlatforms) = postSolution
		{AFD57AEF-1ED6-405E-AFD8-C05656B3F883}.Debug|Any CPU.ActiveCfg = Debug|Any CPU
		{AFD57AEF-1ED6-405E-AFD8-C05656B3F883}.Debug|Any CPU.Build.0 = Debug|Any CPU
		{AFD57AEF-1ED6-405E-AFD8-C05656B3F883}.Release|Any CPU.ActiveCfg = Release|Any CPU
		{AFD57AEF-1ED6-405E-AFD8-C05656B3F883}.Release|Any CPU.Build.0 = Release|Any CPU
	EndGlobalSection
	GlobalSection(SolutionProperties) = preSolution
		HideSolutionNode = FALSE
	EndGlobalSection
	GlobalSection(ExtensibilityGlobals) = postSolution
		SolutionGuid = {B2D36CC7-BA7E-45A3-A528-B4CB62130B49}
	EndGlobalSection
EndGlobal
